// !$*UTF8*$!
{
	archiveVersion = 1;
	classes = {
	};
	objectVersion = 56;
	objects = {

/* Begin PBXBuildFile section */
		ABE0A7A12AEC37BC00E4FF6C /* PushNotificationsTutorialApp.swift in Sources */ = {isa = PBXBuildFile; fileRef = ABE0A7A02AEC37BC00E4FF6C /* PushNotificationsTutorialApp.swift */; };
		ABE0A7A32AEC37BC00E4FF6C /* ContentView.swift in Sources */ = {isa = PBXBuildFile; fileRef = ABE0A7A22AEC37BC00E4FF6C /* ContentView.swift */; };
		ABE0A7A52AEC37BD00E4FF6C /* Assets.xcassets in Resources */ = {isa = PBXBuildFile; fileRef = ABE0A7A42AEC37BD00E4FF6C /* Assets.xcassets */; };
		ABE0A7A82AEC37BD00E4FF6C /* Preview Assets.xcassets in Resources */ = {isa = PBXBuildFile; fileRef = ABE0A7A72AEC37BD00E4FF6C /* Preview Assets.xcassets */; };
		ABE0A7AF2AEC385300E4FF6C /* GoogleService-Info.plist in Resources */ = {isa = PBXBuildFile; fileRef = ABE0A7AE2AEC385300E4FF6C /* GoogleService-Info.plist */; };
		ABE0A7F52AEC396100E4FF6C /* FirebaseAuth in Frameworks */ = {isa = PBXBuildFile; productRef = ABE0A7F42AEC396100E4FF6C /* FirebaseAuth */; };
		ABE0A8012AEC396100E4FF6C /* FirebaseFirestore in Frameworks */ = {isa = PBXBuildFile; productRef = ABE0A8002AEC396100E4FF6C /* FirebaseFirestore */; };
		ABE0A8052AEC396100E4FF6C /* FirebaseFirestoreSwift in Frameworks */ = {isa = PBXBuildFile; productRef = ABE0A8042AEC396100E4FF6C /* FirebaseFirestoreSwift */; };
		ABE0A8072AEC396100E4FF6C /* FirebaseFunctions in Frameworks */ = {isa = PBXBuildFile; productRef = ABE0A8062AEC396100E4FF6C /* FirebaseFunctions */; };
		ABE0A8132AEC396100E4FF6C /* FirebaseMessaging in Frameworks */ = {isa = PBXBuildFile; productRef = ABE0A8122AEC396100E4FF6C /* FirebaseMessaging */; };
		ABE0A8202AECC04B00E4FF6C /* ContentViewModel.swift in Sources */ = {isa = PBXBuildFile; fileRef = ABE0A81F2AECC04B00E4FF6C /* ContentViewModel.swift */; };
		ABE0A8222AECC27F00E4FF6C /* DatabaseService.swift in Sources */ = {isa = PBXBuildFile; fileRef = ABE0A8212AECC27F00E4FF6C /* DatabaseService.swift */; };
		ABE0A8242AECC2BC00E4FF6C /* Post.swift in Sources */ = {isa = PBXBuildFile; fileRef = ABE0A8232AECC2BC00E4FF6C /* Post.swift */; };
		ABE0A8292AECCA7700E4FF6C /* AddEditPostView.swift in Sources */ = {isa = PBXBuildFile; fileRef = ABE0A8282AECCA7700E4FF6C /* AddEditPostView.swift */; };
		ABE0A82B2AECCA8600E4FF6C /* AddEditPostViewModel.swift in Sources */ = {isa = PBXBuildFile; fileRef = ABE0A82A2AECCA8600E4FF6C /* AddEditPostViewModel.swift */; };
/* End PBXBuildFile section */

/* Begin PBXFileReference section */
		ABE0A79D2AEC37BC00E4FF6C /* PushNotificationsTutorial.app */ = {isa = PBXFileReference; explicitFileType = wrapper.application; includeInIndex = 0; path = PushNotificationsTutorial.app; sourceTree = BUILT_PRODUCTS_DIR; };
		ABE0A7A02AEC37BC00E4FF6C /* PushNotificationsTutorialApp.swift */ = {isa = PBXFileReference; lastKnownFileType = sourcecode.swift; path = PushNotificationsTutorialApp.swift; sourceTree = "<group>"; };
		ABE0A7A22AEC37BC00E4FF6C /* ContentView.swift */ = {isa = PBXFileReference; lastKnownFileType = sourcecode.swift; path = ContentView.swift; sourceTree = "<group>"; };
		ABE0A7A42AEC37BD00E4FF6C /* Assets.xcassets */ = {isa = PBXFileReference; lastKnownFileType = folder.assetcatalog; path = Assets.xcassets; sourceTree = "<group>"; };
		ABE0A7A72AEC37BD00E4FF6C /* Preview Assets.xcassets */ = {isa = PBXFileReference; lastKnownFileType = folder.assetcatalog; path = "Preview Assets.xcassets"; sourceTree = "<group>"; };
		ABE0A7AE2AEC385300E4FF6C /* GoogleService-Info.plist */ = {isa = PBXFileReference; fileEncoding = 4; lastKnownFileType = text.plist.xml; path = "GoogleService-Info.plist"; sourceTree = "<group>"; };
		ABE0A81F2AECC04B00E4FF6C /* ContentViewModel.swift */ = {isa = PBXFileReference; lastKnownFileType = sourcecode.swift; path = ContentViewModel.swift; sourceTree = "<group>"; };
		ABE0A8212AECC27F00E4FF6C /* DatabaseService.swift */ = {isa = PBXFileReference; lastKnownFileType = sourcecode.swift; path = DatabaseService.swift; sourceTree = "<group>"; };
		ABE0A8232AECC2BC00E4FF6C /* Post.swift */ = {isa = PBXFileReference; lastKnownFileType = sourcecode.swift; path = Post.swift; sourceTree = "<group>"; };
		ABE0A8282AECCA7700E4FF6C /* AddEditPostView.swift */ = {isa = PBXFileReference; lastKnownFileType = sourcecode.swift; path = AddEditPostView.swift; sourceTree = "<group>"; };
		ABE0A82A2AECCA8600E4FF6C /* AddEditPostViewModel.swift */ = {isa = PBXFileReference; lastKnownFileType = sourcecode.swift; path = AddEditPostViewModel.swift; sourceTree = "<group>"; };
/* End PBXFileReference section */

/* Begin PBXFrameworksBuildPhase section */
		ABE0A79A2AEC37BC00E4FF6C /* Frameworks */ = {
			isa = PBXFrameworksBuildPhase;
			buildActionMask = 2147483647;
			files = (
				ABE0A8012AEC396100E4FF6C /* FirebaseFirestore in Frameworks */,
				ABE0A8052AEC396100E4FF6C /* FirebaseFirestoreSwift in Frameworks */,
				ABE0A7F52AEC396100E4FF6C /* FirebaseAuth in Frameworks */,
				ABE0A8072AEC396100E4FF6C /* FirebaseFunctions in Frameworks */,
				ABE0A8132AEC396100E4FF6C /* FirebaseMessaging in Frameworks */,
			);
			runOnlyForDeploymentPostprocessing = 0;
		};
/* End PBXFrameworksBuildPhase section */

/* Begin PBXGroup section */
		AB43C6C82AED63EB00EB2603 /* Views */ = {
			isa = PBXGroup;
			children = (
				ABE0A81E2AECC03F00E4FF6C /* ContentView */,
				ABE0A8252AECCA4F00E4FF6C /* AddEditPostView */,
			);
			path = Views;
			sourceTree = "<group>";
		};
		AB43C6C92AED63F500EB2603 /* Models */ = {
			isa = PBXGroup;
			children = (
				ABE0A8232AECC2BC00E4FF6C /* Post.swift */,
			);
			path = Models;
			sourceTree = "<group>";
		};
		AB43C6CA2AED640300EB2603 /* Services */ = {
			isa = PBXGroup;
			children = (
				ABE0A8212AECC27F00E4FF6C /* DatabaseService.swift */,
			);
			path = Services;
			sourceTree = "<group>";
		};
		ABE0A7942AEC37BC00E4FF6C = {
			isa = PBXGroup;
			children = (
				ABE0A79F2AEC37BC00E4FF6C /* PushNotificationsTutorial */,
				ABE0A79E2AEC37BC00E4FF6C /* Products */,
			);
			sourceTree = "<group>";
		};
		ABE0A79E2AEC37BC00E4FF6C /* Products */ = {
			isa = PBXGroup;
			children = (
				ABE0A79D2AEC37BC00E4FF6C /* PushNotificationsTutorial.app */,
			);
			name = Products;
			sourceTree = "<group>";
		};
		ABE0A79F2AEC37BC00E4FF6C /* PushNotificationsTutorial */ = {
			isa = PBXGroup;
			children = (
				ABE0A7A02AEC37BC00E4FF6C /* PushNotificationsTutorialApp.swift */,
				AB43C6C92AED63F500EB2603 /* Models */,
				AB43C6C82AED63EB00EB2603 /* Views */,
				AB43C6CA2AED640300EB2603 /* Services */,
				ABE0A7A42AEC37BD00E4FF6C /* Assets.xcassets */,
				ABE0A7AE2AEC385300E4FF6C /* GoogleService-Info.plist */,
				ABE0A7A62AEC37BD00E4FF6C /* Preview Content */,
			);
			path = PushNotificationsTutorial;
			sourceTree = "<group>";
		};
		ABE0A7A62AEC37BD00E4FF6C /* Preview Content */ = {
			isa = PBXGroup;
			children = (
				ABE0A7A72AEC37BD00E4FF6C /* Preview Assets.xcassets */,
			);
			path = "Preview Content";
			sourceTree = "<group>";
		};
		ABE0A81E2AECC03F00E4FF6C /* ContentView */ = {
			isa = PBXGroup;
			children = (
				ABE0A7A22AEC37BC00E4FF6C /* ContentView.swift */,
				ABE0A81F2AECC04B00E4FF6C /* ContentViewModel.swift */,
			);
			path = ContentView;
			sourceTree = "<group>";
		};
		ABE0A8252AECCA4F00E4FF6C /* AddEditPostView */ = {
			isa = PBXGroup;
			children = (
				ABE0A8282AECCA7700E4FF6C /* AddEditPostView.swift */,
				ABE0A82A2AECCA8600E4FF6C /* AddEditPostViewModel.swift */,
			);
			path = AddEditPostView;
			sourceTree = "<group>";
		};
/* End PBXGroup section */

/* Begin PBXNativeTarget section */
		ABE0A79C2AEC37BC00E4FF6C /* PushNotificationsTutorial */ = {
			isa = PBXNativeTarget;
			buildConfigurationList = ABE0A7AB2AEC37BD00E4FF6C /* Build configuration list for PBXNativeTarget "PushNotificationsTutorial" */;
			buildPhases = (
				ABE0A7992AEC37BC00E4FF6C /* Sources */,
				ABE0A79A2AEC37BC00E4FF6C /* Frameworks */,
				ABE0A79B2AEC37BC00E4FF6C /* Resources */,
			);
			buildRules = (
			);
			dependencies = (
			);
			name = PushNotificationsTutorial;
			packageProductDependencies = (
				ABE0A7F42AEC396100E4FF6C /* FirebaseAuth */,
				ABE0A8002AEC396100E4FF6C /* FirebaseFirestore */,
				ABE0A8042AEC396100E4FF6C /* FirebaseFirestoreSwift */,
				ABE0A8062AEC396100E4FF6C /* FirebaseFunctions */,
				ABE0A8122AEC396100E4FF6C /* FirebaseMessaging */,
			);
			productName = PushNotificationsTutorial;
			productReference = ABE0A79D2AEC37BC00E4FF6C /* PushNotificationsTutorial.app */;
			productType = "com.apple.product-type.application";
		};
/* End PBXNativeTarget section */

/* Begin PBXProject section */
		ABE0A7952AEC37BC00E4FF6C /* Project object */ = {
			isa = PBXProject;
			attributes = {
				BuildIndependentTargetsInParallel = 1;
				LastSwiftUpdateCheck = 1500;
				LastUpgradeCheck = 1500;
				TargetAttributes = {
					ABE0A79C2AEC37BC00E4FF6C = {
						CreatedOnToolsVersion = 15.0;
					};
				};
			};
			buildConfigurationList = ABE0A7982AEC37BC00E4FF6C /* Build configuration list for PBXProject "PushNotificationsTutorial" */;
			compatibilityVersion = "Xcode 14.0";
			developmentRegion = en;
			hasScannedForEncodings = 0;
			knownRegions = (
				en,
				Base,
			);
			mainGroup = ABE0A7942AEC37BC00E4FF6C;
			packageReferences = (
				ABE0A7E72AEC396100E4FF6C /* XCRemoteSwiftPackageReference "firebase-ios-sdk" */,
			);
			productRefGroup = ABE0A79E2AEC37BC00E4FF6C /* Products */;
			projectDirPath = "";
			projectRoot = "";
			targets = (
				ABE0A79C2AEC37BC00E4FF6C /* PushNotificationsTutorial */,
			);
		};
/* End PBXProject section */

/* Begin PBXResourcesBuildPhase section */
		ABE0A79B2AEC37BC00E4FF6C /* Resources */ = {
			isa = PBXResourcesBuildPhase;
			buildActionMask = 2147483647;
			files = (
				ABE0A7A82AEC37BD00E4FF6C /* Preview Assets.xcassets in Resources */,
				ABE0A7A52AEC37BD00E4FF6C /* Assets.xcassets in Resources */,
				ABE0A7AF2AEC385300E4FF6C /* GoogleService-Info.plist in Resources */,
			);
			runOnlyForDeploymentPostprocessing = 0;
		};
/* End PBXResourcesBuildPhase section */

/* Begin PBXSourcesBuildPhase section */
		ABE0A7992AEC37BC00E4FF6C /* Sources */ = {
			isa = PBXSourcesBuildPhase;
			buildActionMask = 2147483647;
			files = (
				ABE0A82B2AECCA8600E4FF6C /* AddEditPostViewModel.swift in Sources */,
				ABE0A7A32AEC37BC00E4FF6C /* ContentView.swift in Sources */,
				ABE0A7A12AEC37BC00E4FF6C /* PushNotificationsTutorialApp.swift in Sources */,
				ABE0A8222AECC27F00E4FF6C /* DatabaseService.swift in Sources */,
				ABE0A8202AECC04B00E4FF6C /* ContentViewModel.swift in Sources */,
				ABE0A8292AECCA7700E4FF6C /* AddEditPostView.swift in Sources */,
				ABE0A8242AECC2BC00E4FF6C /* Post.swift in Sources */,
			);
			runOnlyForDeploymentPostprocessing = 0;
		};
/* End PBXSourcesBuildPhase section */

/* Begin XCBuildConfiguration section */
		ABE0A7A92AEC37BD00E4FF6C /* Debug */ = {
			isa = XCBuildConfiguration;
			buildSettings = {
				ALWAYS_SEARCH_USER_PATHS = NO;
				ASSETCATALOG_COMPILER_GENERATE_SWIFT_ASSET_SYMBOL_EXTENSIONS = YES;
				CLANG_ANALYZER_NONNULL = YES;
				CLANG_ANALYZER_NUMBER_OBJECT_CONVERSION = YES_AGGRESSIVE;
				CLANG_CXX_LANGUAGE_STANDARD = "gnu++20";
				CLANG_ENABLE_MODULES = YES;
				CLANG_ENABLE_OBJC_ARC = YES;
				CLANG_ENABLE_OBJC_WEAK = YES;
				CLANG_WARN_BLOCK_CAPTURE_AUTORELEASING = YES;
				CLANG_WARN_BOOL_CONVERSION = YES;
				CLANG_WARN_COMMA = YES;
				CLANG_WARN_CONSTANT_CONVERSION = YES;
				CLANG_WARN_DEPRECATED_OBJC_IMPLEMENTATIONS = YES;
				CLANG_WARN_DIRECT_OBJC_ISA_USAGE = YES_ERROR;
				CLANG_WARN_DOCUMENTATION_COMMENTS = YES;
				CLANG_WARN_EMPTY_BODY = YES;
				CLANG_WARN_ENUM_CONVERSION = YES;
				CLANG_WARN_INFINITE_RECURSION = YES;
				CLANG_WARN_INT_CONVERSION = YES;
				CLANG_WARN_NON_LITERAL_NULL_CONVERSION = YES;
				CLANG_WARN_OBJC_IMPLICIT_RETAIN_SELF = YES;
				CLANG_WARN_OBJC_LITERAL_CONVERSION = YES;
				CLANG_WARN_OBJC_ROOT_CLASS = YES_ERROR;
				CLANG_WARN_QUOTED_INCLUDE_IN_FRAMEWORK_HEADER = YES;
				CLANG_WARN_RANGE_LOOP_ANALYSIS = YES;
				CLANG_WARN_STRICT_PROTOTYPES = YES;
				CLANG_WARN_SUSPICIOUS_MOVE = YES;
				CLANG_WARN_UNGUARDED_AVAILABILITY = YES_AGGRESSIVE;
				CLANG_WARN_UNREACHABLE_CODE = YES;
				CLANG_WARN__DUPLICATE_METHOD_MATCH = YES;
				COPY_PHASE_STRIP = NO;
				DEBUG_INFORMATION_FORMAT = dwarf;
				ENABLE_STRICT_OBJC_MSGSEND = YES;
				ENABLE_TESTABILITY = YES;
				ENABLE_USER_SCRIPT_SANDBOXING = YES;
				GCC_C_LANGUAGE_STANDARD = gnu17;
				GCC_DYNAMIC_NO_PIC = NO;
				GCC_NO_COMMON_BLOCKS = YES;
				GCC_OPTIMIZATION_LEVEL = 0;
				GCC_PREPROCESSOR_DEFINITIONS = (
					"DEBUG=1",
					"$(inherited)",
				);
				GCC_WARN_64_TO_32_BIT_CONVERSION = YES;
				GCC_WARN_ABOUT_RETURN_TYPE = YES_ERROR;
				GCC_WARN_UNDECLARED_SELECTOR = YES;
				GCC_WARN_UNINITIALIZED_AUTOS = YES_AGGRESSIVE;
				GCC_WARN_UNUSED_FUNCTION = YES;
				GCC_WARN_UNUSED_VARIABLE = YES;
				IPHONEOS_DEPLOYMENT_TARGET = 17.0;
				LOCALIZATION_PREFERS_STRING_CATALOGS = YES;
				MTL_ENABLE_DEBUG_INFO = INCLUDE_SOURCE;
				MTL_FAST_MATH = YES;
				ONLY_ACTIVE_ARCH = YES;
				SDKROOT = iphoneos;
				SWIFT_ACTIVE_COMPILATION_CONDITIONS = "DEBUG $(inherited)";
				SWIFT_OPTIMIZATION_LEVEL = "-Onone";
			};
			name = Debug;
		};
		ABE0A7AA2AEC37BD00E4FF6C /* Release */ = {
			isa = XCBuildConfiguration;
			buildSettings = {
				ALWAYS_SEARCH_USER_PATHS = NO;
				ASSETCATALOG_COMPILER_GENERATE_SWIFT_ASSET_SYMBOL_EXTENSIONS = YES;
				CLANG_ANALYZER_NONNULL = YES;
				CLANG_ANALYZER_NUMBER_OBJECT_CONVERSION = YES_AGGRESSIVE;
				CLANG_CXX_LANGUAGE_STANDARD = "gnu++20";
				CLANG_ENABLE_MODULES = YES;
				CLANG_ENABLE_OBJC_ARC = YES;
				CLANG_ENABLE_OBJC_WEAK = YES;
				CLANG_WARN_BLOCK_CAPTURE_AUTORELEASING = YES;
				CLANG_WARN_BOOL_CONVERSION = YES;
				CLANG_WARN_COMMA = YES;
				CLANG_WARN_CONSTANT_CONVERSION = YES;
				CLANG_WARN_DEPRECATED_OBJC_IMPLEMENTATIONS = YES;
				CLANG_WARN_DIRECT_OBJC_ISA_USAGE = YES_ERROR;
				CLANG_WARN_DOCUMENTATION_COMMENTS = YES;
				CLANG_WARN_EMPTY_BODY = YES;
				CLANG_WARN_ENUM_CONVERSION = YES;
				CLANG_WARN_INFINITE_RECURSION = YES;
				CLANG_WARN_INT_CONVERSION = YES;
				CLANG_WARN_NON_LITERAL_NULL_CONVERSION = YES;
				CLANG_WARN_OBJC_IMPLICIT_RETAIN_SELF = YES;
				CLANG_WARN_OBJC_LITERAL_CONVERSION = YES;
				CLANG_WARN_OBJC_ROOT_CLASS = YES_ERROR;
				CLANG_WARN_QUOTED_INCLUDE_IN_FRAMEWORK_HEADER = YES;
				CLANG_WARN_RANGE_LOOP_ANALYSIS = YES;
				CLANG_WARN_STRICT_PROTOTYPES = YES;
				CLANG_WARN_SUSPICIOUS_MOVE = YES;
				CLANG_WARN_UNGUARDED_AVAILABILITY = YES_AGGRESSIVE;
				CLANG_WARN_UNREACHABLE_CODE = YES;
				CLANG_WARN__DUPLICATE_METHOD_MATCH = YES;
				COPY_PHASE_STRIP = NO;
				DEBUG_INFORMATION_FORMAT = "dwarf-with-dsym";
				ENABLE_NS_ASSERTIONS = NO;
				ENABLE_STRICT_OBJC_MSGSEND = YES;
				ENABLE_USER_SCRIPT_SANDBOXING = YES;
				GCC_C_LANGUAGE_STANDARD = gnu17;
				GCC_NO_COMMON_BLOCKS = YES;
				GCC_WARN_64_TO_32_BIT_CONVERSION = YES;
				GCC_WARN_ABOUT_RETURN_TYPE = YES_ERROR;
				GCC_WARN_UNDECLARED_SELECTOR = YES;
				GCC_WARN_UNINITIALIZED_AUTOS = YES_AGGRESSIVE;
				GCC_WARN_UNUSED_FUNCTION = YES;
				GCC_WARN_UNUSED_VARIABLE = YES;
				IPHONEOS_DEPLOYMENT_TARGET = 17.0;
				LOCALIZATION_PREFERS_STRING_CATALOGS = YES;
				MTL_ENABLE_DEBUG_INFO = NO;
				MTL_FAST_MATH = YES;
				SDKROOT = iphoneos;
				SWIFT_COMPILATION_MODE = wholemodule;
				VALIDATE_PRODUCT = YES;
			};
			name = Release;
		};
		ABE0A7AC2AEC37BD00E4FF6C /* Debug */ = {
			isa = XCBuildConfiguration;
			buildSettings = {
				ASSETCATALOG_COMPILER_APPICON_NAME = AppIcon;
				ASSETCATALOG_COMPILER_GLOBAL_ACCENT_COLOR_NAME = AccentColor;
				CODE_SIGN_STYLE = Automatic;
				CURRENT_PROJECT_VERSION = 1;
				DEVELOPMENT_ASSET_PATHS = "\"PushNotificationsTutorial/Preview Content\"";
				DEVELOPMENT_TEAM = 9LT5ZRK64X;
				ENABLE_PREVIEWS = YES;
				GENERATE_INFOPLIST_FILE = YES;
				INFOPLIST_KEY_UIApplicationSceneManifest_Generation = YES;
				INFOPLIST_KEY_UIApplicationSupportsIndirectInputEvents = YES;
				INFOPLIST_KEY_UILaunchScreen_Generation = YES;
				INFOPLIST_KEY_UISupportedInterfaceOrientations_iPad = "UIInterfaceOrientationPortrait UIInterfaceOrientationPortraitUpsideDown UIInterfaceOrientationLandscapeLeft UIInterfaceOrientationLandscapeRight";
				INFOPLIST_KEY_UISupportedInterfaceOrientations_iPhone = "UIInterfaceOrientationPortrait UIInterfaceOrientationLandscapeLeft UIInterfaceOrientationLandscapeRight";
				LD_RUNPATH_SEARCH_PATHS = (
					"$(inherited)",
					"@executable_path/Frameworks",
				);
				MARKETING_VERSION = 1.0;
				PRODUCT_BUNDLE_IDENTIFIER = com.julianmichaeltechnologies.PushNotificationsTutorial;
				PRODUCT_NAME = "$(TARGET_NAME)";
				SUPPORTED_PLATFORMS = "iphoneos iphonesimulator";
				SUPPORTS_MACCATALYST = NO;
				SUPPORTS_MAC_DESIGNED_FOR_IPHONE_IPAD = NO;
				SWIFT_EMIT_LOC_STRINGS = YES;
				SWIFT_VERSION = 5.0;
				TARGETED_DEVICE_FAMILY = 1;
			};
			name = Debug;
		};
		ABE0A7AD2AEC37BD00E4FF6C /* Release */ = {
			isa = XCBuildConfiguration;
			buildSettings = {
				ASSETCATALOG_COMPILER_APPICON_NAME = AppIcon;
				ASSETCATALOG_COMPILER_GLOBAL_ACCENT_COLOR_NAME = AccentColor;
				CODE_SIGN_STYLE = Automatic;
				CURRENT_PROJECT_VERSION = 1;
				DEVELOPMENT_ASSET_PATHS = "\"PushNotificationsTutorial/Preview Content\"";
				DEVELOPMENT_TEAM = 9LT5ZRK64X;
				ENABLE_PREVIEWS = YES;
				GENERATE_INFOPLIST_FILE = YES;
				INFOPLIST_KEY_UIApplicationSceneManifest_Generation = YES;
				INFOPLIST_KEY_UIApplicationSupportsIndirectInputEvents = YES;
				INFOPLIST_KEY_UILaunchScreen_Generation = YES;
				INFOPLIST_KEY_UISupportedInterfaceOrientations_iPad = "UIInterfaceOrientationPortrait UIInterfaceOrientationPortraitUpsideDown UIInterfaceOrientationLandscapeLeft UIInterfaceOrientationLandscapeRight";
				INFOPLIST_KEY_UISupportedInterfaceOrientations_iPhone = "UIInterfaceOrientationPortrait UIInterfaceOrientationLandscapeLeft UIInterfaceOrientationLandscapeRight";
				LD_RUNPATH_SEARCH_PATHS = (
					"$(inherited)",
					"@executable_path/Frameworks",
				);
				MARKETING_VERSION = 1.0;
				PRODUCT_BUNDLE_IDENTIFIER = com.julianmichaeltechnologies.PushNotificationsTutorial;
				PRODUCT_NAME = "$(TARGET_NAME)";
				SUPPORTED_PLATFORMS = "iphoneos iphonesimulator";
				SUPPORTS_MACCATALYST = NO;
				SUPPORTS_MAC_DESIGNED_FOR_IPHONE_IPAD = NO;
				SWIFT_EMIT_LOC_STRINGS = YES;
				SWIFT_VERSION = 5.0;
				TARGETED_DEVICE_FAMILY = 1;
			};
			name = Release;
		};
/* End XCBuildConfiguration section */

/* Begin XCConfigurationList section */
		ABE0A7982AEC37BC00E4FF6C /* Build configuration list for PBXProject "PushNotificationsTutorial" */ = {
			isa = XCConfigurationList;
			buildConfigurations = (
				ABE0A7A92AEC37BD00E4FF6C /* Debug */,
				ABE0A7AA2AEC37BD00E4FF6C /* Release */,
			);
			defaultConfigurationIsVisible = 0;
			defaultConfigurationName = Release;
		};
		ABE0A7AB2AEC37BD00E4FF6C /* Build configuration list for PBXNativeTarget "PushNotificationsTutorial" */ = {
			isa = XCConfigurationList;
			buildConfigurations = (
				ABE0A7AC2AEC37BD00E4FF6C /* Debug */,
				ABE0A7AD2AEC37BD00E4FF6C /* Release */,
			);
			defaultConfigurationIsVisible = 0;
			defaultConfigurationName = Release;
		};
/* End XCConfigurationList section */

/* Begin XCRemoteSwiftPackageReference section */
		ABE0A7E72AEC396100E4FF6C /* XCRemoteSwiftPackageReference "firebase-ios-sdk" */ = {
			isa = XCRemoteSwiftPackageReference;
			repositoryURL = "https://github.com/firebase/firebase-ios-sdk";
			requirement = {
				kind = upToNextMajorVersion;
				minimumVersion = 10.16.0;
			};
		};
/* End XCRemoteSwiftPackageReference section */

/* Begin XCSwiftPackageProductDependency section */
		ABE0A7F42AEC396100E4FF6C /* FirebaseAuth */ = {
			isa = XCSwiftPackageProductDependency;
			package = ABE0A7E72AEC396100E4FF6C /* XCRemoteSwiftPackageReference "firebase-ios-sdk" */;
			productName = FirebaseAuth;
		};
		ABE0A8002AEC396100E4FF6C /* FirebaseFirestore */ = {
			isa = XCSwiftPackageProductDependency;
			package = ABE0A7E72AEC396100E4FF6C /* XCRemoteSwiftPackageReference "firebase-ios-sdk" */;
			productName = FirebaseFirestore;
		};
		ABE0A8042AEC396100E4FF6C /* FirebaseFirestoreSwift */ = {
			isa = XCSwiftPackageProductDependency;
			package = ABE0A7E72AEC396100E4FF6C /* XCRemoteSwiftPackageReference "firebase-ios-sdk" */;
			productName = FirebaseFirestoreSwift;
		};
		ABE0A8062AEC396100E4FF6C /* FirebaseFunctions */ = {
			isa = XCSwiftPackageProductDependency;
			package = ABE0A7E72AEC396100E4FF6C /* XCRemoteSwiftPackageReference "firebase-ios-sdk" */;
			productName = FirebaseFunctions;
		};
		ABE0A8122AEC396100E4FF6C /* FirebaseMessaging */ = {
			isa = XCSwiftPackageProductDependency;
			package = ABE0A7E72AEC396100E4FF6C /* XCRemoteSwiftPackageReference "firebase-ios-sdk" */;
			productName = FirebaseMessaging;
		};
/* End XCSwiftPackageProductDependency section */
	};
	rootObject = ABE0A7952AEC37BC00E4FF6C /* Project object */;
}
